
Microsoft Visual Studio Solution File, Format Version 12.00
# Visual Studio 15
VisualStudioVersion = 15.0.28307.168
MinimumVisualStudioVersion = 10.0.40219.1
Project("{FAE04EC0-301F-11D3-BF4B-00C04F79EFBC}") = "CoreConsoleApp", "CoreConsoleApp\CoreConsoleApp.csproj", "{C94FC574-D727-4276-8FF3-A6F21E9B3D23}"
EndProject
Global
	GlobalSection(SolutionConfigurationPlatforms) = preSolution
		Debug|Any CPU = Debug|Any CPU
		Release|Any CPU = Release|Any CPU
	EndGlobalSection
	GlobalSection(ProjectConfigurationPlatforms) = postSolution
		{C94FC574-D727-4276-8FF3-A6F21E9B3D23}.Debug|Any CPU.ActiveCfg = Debug|Any CPU
		{C94FC574-D727-4276-8FF3-A6F21E9B3D23}.Debug|Any CPU.Build.0 = Debug|Any CPU
		{C94FC574-D727-4276-8FF3-A6F21E9B3D23}.Release|Any CPU.ActiveCfg = Release|Any CPU
		{C94FC574-D727-4276-8FF3-A6F21E9B3D23}.Release|Any CPU.Build.0 = Release|Any CPU
	EndGlobalSection
	GlobalSection(SolutionProperties) = preSolution
		HideSolutionNode = FALSE
	EndGlobalSection
	GlobalSection(ExtensibilityGlobals) = postSolution
		SolutionGuid = {E2CF1C10-7B24-40AB-8E64-912536995775}
	EndGlobalSection
EndGlobal
